
Microsoft Visual Studio Solution File, Format Version 12.00
# Visual Studio 14
VisualStudioVersion = 14.0.25420.1
MinimumVisualStudioVersion = 10.0.40219.1
Project("{FAE04EC0-301F-11D3-BF4B-00C04F79EFBC}") = "ConsoleApplicationAuthorization", "ConsoleApplicationAuthorization\ConsoleApplicationAuthorization.csproj", "{65DD78B7-1B74-4124-A244-6F0FBD7233FB}"
EndProject
Global
	GlobalSection(SolutionConfigurationPlatforms) = preSolution
		Debug|Any CPU = Debug|Any CPU
		Release|Any CPU = Release|Any CPU
	EndGlobalSection
	GlobalSection(ProjectConfigurationPlatforms) = postSolution
		{65DD78B7-1B74-4124-A244-6F0FBD7233FB}.Debug|Any CPU.ActiveCfg = Debug|Any CPU
		{65DD78B7-1B74-4124-A244-6F0FBD7233FB}.Debug|Any CPU.Build.0 = Debug|Any CPU
		{65DD78B7-1B74-4124-A244-6F0FBD7233FB}.Release|Any CPU.ActiveCfg = Release|Any CPU
		{65DD78B7-1B74-4124-A244-6F0FBD7233FB}.Release|Any CPU.Build.0 = Release|Any CPU
	EndGlobalSection
	GlobalSection(SolutionProperties) = preSolution
		HideSolutionNode = FALSE
	EndGlobalSection
EndGlobal
