
Microsoft Visual Studio Solution File, Format Version 12.00
# Visual Studio 14
VisualStudioVersion = 14.0.25420.1
MinimumVisualStudioVersion = 10.0.40219.1
Project("{FAE04EC0-301F-11D3-BF4B-00C04F79EFBC}") = "AuthorizationSample", "AuthorizationSample\AuthorizationSample.csproj", "{F1FD88D1-6C71-48C7-9753-B96BC2E0F313}"
EndProject
Project("{FAE04EC0-301F-11D3-BF4B-00C04F79EFBC}") = "ConsoleApplicationAuthorizationFilters", "ConsoleApplicationAuthorizationFilters\ConsoleApplicationAuthorizationFilters.csproj", "{9C7D009F-DD42-4810-8B3C-1A74CAC628CB}"
EndProject
Global
	GlobalSection(SolutionConfigurationPlatforms) = preSolution
		Debug|Any CPU = Debug|Any CPU
		Release|Any CPU = Release|Any CPU
	EndGlobalSection
	GlobalSection(ProjectConfigurationPlatforms) = postSolution
		{F1FD88D1-6C71-48C7-9753-B96BC2E0F313}.Debug|Any CPU.ActiveCfg = Debug|Any CPU
		{F1FD88D1-6C71-48C7-9753-B96BC2E0F313}.Debug|Any CPU.Build.0 = Debug|Any CPU
		{F1FD88D1-6C71-48C7-9753-B96BC2E0F313}.Release|Any CPU.ActiveCfg = Release|Any CPU
		{F1FD88D1-6C71-48C7-9753-B96BC2E0F313}.Release|Any CPU.Build.0 = Release|Any CPU
		{9C7D009F-DD42-4810-8B3C-1A74CAC628CB}.Debug|Any CPU.ActiveCfg = Debug|Any CPU
		{9C7D009F-DD42-4810-8B3C-1A74CAC628CB}.Debug|Any CPU.Build.0 = Debug|Any CPU
		{9C7D009F-DD42-4810-8B3C-1A74CAC628CB}.Release|Any CPU.ActiveCfg = Release|Any CPU
		{9C7D009F-DD42-4810-8B3C-1A74CAC628CB}.Release|Any CPU.Build.0 = Release|Any CPU
	EndGlobalSection
	GlobalSection(SolutionProperties) = preSolution
		HideSolutionNode = FALSE
	EndGlobalSection
EndGlobal
